<?xml version="1.0" encoding="utf-8"?>
<Project ToolsVersion="4.0" xmlns="http://schemas.microsoft.com/developer/msbuild/2003">
  <ItemGroup>
    <Filter Include="Source Files">
      <UniqueIdentifier>{4FC737F1-C7A5-4376-A066-2A32D752A2FF}</UniqueIdentifier>
      <Extensions>cpp;c;cc;cxx;def;odl;idl;hpj;bat;asm;asmx</Extensions>
    </Filter>
    <Filter Include="Header Files">
      <UniqueIdentifier>{93995380-89BD-4b04-88EB-625FBE52EBFB}</UniqueIdentifier>
      <Extensions>h;hpp;hxx;hm;inl;inc;xsd</Extensions>
    </Filter>
    <Filter Include="Resource Files">
      <UniqueIdentifier>{67DA6AB6-F800-4c08-8B7A-83BB121AAD01}</UniqueIdentifier>
      <Extensions>rc;ico;cur;bmp;dlg;rc2;rct;bin;rgs;gif;jpg;jpeg;jpe;resx;tiff;tif;png;wav;mfcribbon-ms</Extensions>
    </Filter>
    <Filter Include="Application">
      <UniqueIdentifier>{52042e69-be2e-49a1-bf66-dc371ec3a375}</UniqueIdentifier>
    </Filter>
    <Filter Include="Utility">
      <UniqueIdentifier>{b78981e2-381a-4867-8e53-74058e24586d}</UniqueIdentifier>
    </Filter>
    <Filter Include="Scripting">
      <UniqueIdentifier>{26b1d944-1628-4736-9ff6-f057aeaef509}</UniqueIdentifier>
    </Filter>
  </ItemGroup>
  <ItemGroup>
    <None Include="ReadMe.txt" />
  </ItemGroup>
  <ItemGroup>
    <ClCompile Include="Application\main.cpp">
      <Filter>Application</Filter>
    </ClCompile>
    <ClCompile Include="Application\Application.cpp">
      <Filter>Application</Filter>
    </ClCompile>
    <ClCompile Include="Application\Window.cpp">
      <Filter>Application</Filter>
    </ClCompile>
    <ClCompile Include="Application\W32Window.cpp">
      <Filter>Application</Filter>
    </ClCompile>
    <ClCompile Include="Scripting\ScriptConsole.cpp">
      <Filter>Scripting</Filter>
    </ClCompile>
    <ClCompile Include="Utility\StringTools.cpp">
      <Filter>Utility</Filter>
    </ClCompile>
  </ItemGroup>
  <ItemGroup>
    <ClInclude Include="Application\Application.h">
      <Filter>Application</Filter>
    </ClInclude>
    <ClInclude Include="Utility\MG3.h">
      <Filter>Utility</Filter>
    </ClInclude>
    <ClInclude Include="Application\Window.h">
      <Filter>Application</Filter>
    </ClInclude>
    <ClInclude Include="Application\W32Window.h">
      <Filter>Application</Filter>
    </ClInclude>
    <ClInclude Include="Scripting\ScriptConsole.h">
      <Filter>Scripting</Filter>
    </ClInclude>
    <ClInclude Include="Utility\StringTools.h">
      <Filter>Utility</Filter>
    </ClInclude>
  </ItemGroup>
</Project>